
Microsoft Visual Studio Solution File, Format Version 12.00
# Visual Studio Version 16
VisualStudioVersion = 16.0.29519.87
MinimumVisualStudioVersion = 10.0.40219.1
Project("{FAE04EC0-301F-11D3-BF4B-00C04F79EFBC}") = "OpenPinger", "OpenPinger\OpenPinger.csproj", "{80573C1D-B818-411F-ACBC-32125888A760}"
EndProject
Global
	GlobalSection(SolutionConfigurationPlatforms) = preSolution
		Debug|Any CPU = Debug|Any CPU
		Release|Any CPU = Release|Any CPU
	EndGlobalSection
	GlobalSection(ProjectConfigurationPlatforms) = postSolution
		{80573C1D-B818-411F-ACBC-32125888A760}.Debug|Any CPU.ActiveCfg = Debug|Any CPU
		{80573C1D-B818-411F-ACBC-32125888A760}.Debug|Any CPU.Build.0 = Debug|Any CPU
		{80573C1D-B818-411F-ACBC-32125888A760}.Release|Any CPU.ActiveCfg = Release|Any CPU
		{80573C1D-B818-411F-ACBC-32125888A760}.Release|Any CPU.Build.0 = Release|Any CPU
	EndGlobalSection
	GlobalSection(SolutionProperties) = preSolution
		HideSolutionNode = FALSE
	EndGlobalSection
	GlobalSection(ExtensibilityGlobals) = postSolution
		SolutionGuid = {CCF51674-58AF-458C-94FC-7E28E7734004}
	EndGlobalSection
EndGlobal
